// !$*UTF8*$!
{
	archiveVersion = 1;
	classes = {
	};
	objectVersion = 46;
	objects = {

/* Begin PBXBuildFile section */
		8A10888F1C47AB8200AA29DD /* main.m in Sources */ = {isa = PBXBuildFile; fileRef = 8A10888E1C47AB8200AA29DD /* main.m */; };
		8A1088921C47AB8200AA29DD /* AppDelegate.m in Sources */ = {isa = PBXBuildFile; fileRef = 8A1088911C47AB8200AA29DD /* AppDelegate.m */; };
		8A10889A1C47AB8200AA29DD /* Assets.xcassets in Resources */ = {isa = PBXBuildFile; fileRef = 8A1088991C47AB8200AA29DD /* Assets.xcassets */; };
		8A10889D1C47AB8200AA29DD /* LaunchScreen.storyboard in Resources */ = {isa = PBXBuildFile; fileRef = 8A10889B1C47AB8200AA29DD /* LaunchScreen.storyboard */; };
		8A1088A81C47AB8200AA29DD /* CustomTabbarTests.m in Sources */ = {isa = PBXBuildFile; fileRef = 8A1088A71C47AB8200AA29DD /* CustomTabbarTests.m */; };
		8A1088B31C47AB8200AA29DD /* CustomTabbarUITests.m in Sources */ = {isa = PBXBuildFile; fileRef = 8A1088B21C47AB8200AA29DD /* CustomTabbarUITests.m */; };
		8A1088C21C47ABA600AA29DD /* AnarLTabbarController.m in Sources */ = {isa = PBXBuildFile; fileRef = 8A1088C11C47ABA600AA29DD /* AnarLTabbarController.m */; };
		8A741EB71C48939000F8D2D3 /* tabbar2.png in Resources */ = {isa = PBXBuildFile; fileRef = 8A741EB31C48939000F8D2D3 /* tabbar2.png */; };
		8A741EB81C48939000F8D2D3 /* tabbar0.png in Resources */ = {isa = PBXBuildFile; fileRef = 8A741EB41C48939000F8D2D3 /* tabbar0.png */; };
		8A741EB91C48939000F8D2D3 /* tabbar1.png in Resources */ = {isa = PBXBuildFile; fileRef = 8A741EB51C48939000F8D2D3 /* tabbar1.png */; };
		8A741EBA1C48939000F8D2D3 /* tabbar3.png in Resources */ = {isa = PBXBuildFile; fileRef = 8A741EB61C48939000F8D2D3 /* tabbar3.png */; };
/* End PBXBuildFile section */

/* Begin PBXContainerItemProxy section */
		8A1088A41C47AB8200AA29DD /* PBXContainerItemProxy */ = {
			isa = PBXContainerItemProxy;
			containerPortal = 8A1088821C47AB8200AA29DD /* Project object */;
			proxyType = 1;
			remoteGlobalIDString = 8A1088891C47AB8200AA29DD;
			remoteInfo = CustomTabbar;
		};
		8A1088AF1C47AB8200AA29DD /* PBXContainerItemProxy */ = {
			isa = PBXContainerItemProxy;
			containerPortal = 8A1088821C47AB8200AA29DD /* Project object */;
			proxyType = 1;
			remoteGlobalIDString = 8A1088891C47AB8200AA29DD;
			remoteInfo = CustomTabbar;
		};
/* End PBXContainerItemProxy section */

/* Begin PBXFileReference section */
		8A10888A1C47AB8200AA29DD /* CustomTabbar.app */ = {isa = PBXFileReference; explicitFileType = wrapper.application; includeInIndex = 0; path = CustomTabbar.app; sourceTree = BUILT_PRODUCTS_DIR; };
		8A10888E1C47AB8200AA29DD /* main.m */ = {isa = PBXFileReference; lastKnownFileType = sourcecode.c.objc; path = main.m; sourceTree = "<group>"; };
		8A1088901C47AB8200AA29DD /* AppDelegate.h */ = {isa = PBXFileReference; lastKnownFileType = sourcecode.c.h; path = AppDelegate.h; sourceTree = "<group>"; };
		8A1088911C47AB8200AA29DD /* AppDelegate.m */ = {isa = PBXFileReference; lastKnownFileType = sourcecode.c.objc; path = AppDelegate.m; sourceTree = "<group>"; };
		8A1088991C47AB8200AA29DD /* Assets.xcassets */ = {isa = PBXFileReference; lastKnownFileType = folder.assetcatalog; path = Assets.xcassets; sourceTree = "<group>"; };
		8A10889C1C47AB8200AA29DD /* Base */ = {isa = PBXFileReference; lastKnownFileType = file.storyboard; name = Base; path = Base.lproj/LaunchScreen.storyboard; sourceTree = "<group>"; };
		8A10889E1C47AB8200AA29DD /* Info.plist */ = {isa = PBXFileReference; lastKnownFileType = text.plist.xml; path = Info.plist; sourceTree = "<group>"; };
		8A1088A31C47AB8200AA29DD /* CustomTabbarTests.xctest */ = {isa = PBXFileReference; explicitFileType = wrapper.cfbundle; includeInIndex = 0; path = CustomTabbarTests.xctest; sourceTree = BUILT_PRODUCTS_DIR; };
		8A1088A71C47AB8200AA29DD /* CustomTabbarTests.m */ = {isa = PBXFileReference; lastKnownFileType = sourcecode.c.objc; path = CustomTabbarTests.m; sourceTree = "<group>"; };
		8A1088A91C47AB8200AA29DD /* Info.plist */ = {isa = PBXFileReference; lastKnownFileType = text.plist.xml; path = Info.plist; sourceTree = "<group>"; };
		8A1088AE1C47AB8200AA29DD /* CustomTabbarUITests.xctest */ = {isa = PBXFileReference; explicitFileType = wrapper.cfbundle; includeInIndex = 0; path = CustomTabbarUITests.xctest; sourceTree = BUILT_PRODUCTS_DIR; };
		8A1088B21C47AB8200AA29DD /* CustomTabbarUITests.m */ = {isa = PBXFileReference; lastKnownFileType = sourcecode.c.objc; path = CustomTabbarUITests.m; sourceTree = "<group>"; };
		8A1088B41C47AB8200AA29DD /* Info.plist */ = {isa = PBXFileReference; lastKnownFileType = text.plist.xml; path = Info.plist; sourceTree = "<group>"; };
		8A1088C01C47ABA600AA29DD /* AnarLTabbarController.h */ = {isa = PBXFileReference; fileEncoding = 4; lastKnownFileType = sourcecode.c.h; path = AnarLTabbarController.h; sourceTree = "<group>"; };
		8A1088C11C47ABA600AA29DD /* AnarLTabbarController.m */ = {isa = PBXFileReference; fileEncoding = 4; lastKnownFileType = sourcecode.c.objc; path = AnarLTabbarController.m; sourceTree = "<group>"; };
		8A741EB31C48939000F8D2D3 /* tabbar2.png */ = {isa = PBXFileReference; lastKnownFileType = image.png; path = tabbar2.png; sourceTree = "<group>"; };
		8A741EB41C48939000F8D2D3 /* tabbar0.png */ = {isa = PBXFileReference; lastKnownFileType = image.png; path = tabbar0.png; sourceTree = "<group>"; };
		8A741EB51C48939000F8D2D3 /* tabbar1.png */ = {isa = PBXFileReference; lastKnownFileType = image.png; path = tabbar1.png; sourceTree = "<group>"; };
		8A741EB61C48939000F8D2D3 /* tabbar3.png */ = {isa = PBXFileReference; lastKnownFileType = image.png; path = tabbar3.png; sourceTree = "<group>"; };
/* End PBXFileReference section */

/* Begin PBXFrameworksBuildPhase section */
		8A1088871C47AB8200AA29DD /* Frameworks */ = {
			isa = PBXFrameworksBuildPhase;
			buildActionMask = 2147483647;
			files = (
			);
			runOnlyForDeploymentPostprocessing = 0;
		};
		8A1088A01C47AB8200AA29DD /* Frameworks */ = {
			isa = PBXFrameworksBuildPhase;
			buildActionMask = 2147483647;
			files = (
			);
			runOnlyForDeploymentPostprocessing = 0;
		};
		8A1088AB1C47AB8200AA29DD /* Frameworks */ = {
			isa = PBXFrameworksBuildPhase;
			buildActionMask = 2147483647;
			files = (
			);
			runOnlyForDeploymentPostprocessing = 0;
		};
/* End PBXFrameworksBuildPhase section */

/* Begin PBXGroup section */
		8A1088811C47AB8200AA29DD = {
			isa = PBXGroup;
			children = (
				8A741EB31C48939000F8D2D3 /* tabbar2.png */,
				8A741EB41C48939000F8D2D3 /* tabbar0.png */,
				8A741EB51C48939000F8D2D3 /* tabbar1.png */,
				8A741EB61C48939000F8D2D3 /* tabbar3.png */,
				8A10888C1C47AB8200AA29DD /* CustomTabbar */,
				8A1088A61C47AB8200AA29DD /* CustomTabbarTests */,
				8A1088B11C47AB8200AA29DD /* CustomTabbarUITests */,
				8A10888B1C47AB8200AA29DD /* Products */,
			);
			sourceTree = "<group>";
		};
		8A10888B1C47AB8200AA29DD /* Products */ = {
			isa = PBXGroup;
			children = (
				8A10888A1C47AB8200AA29DD /* CustomTabbar.app */,
				8A1088A31C47AB8200AA29DD /* CustomTabbarTests.xctest */,
				8A1088AE1C47AB8200AA29DD /* CustomTabbarUITests.xctest */,
			);
			name = Products;
			sourceTree = "<group>";
		};
		8A10888C1C47AB8200AA29DD /* CustomTabbar */ = {
			isa = PBXGroup;
			children = (
				8A1088901C47AB8200AA29DD /* AppDelegate.h */,
				8A1088911C47AB8200AA29DD /* AppDelegate.m */,
				8A1088991C47AB8200AA29DD /* Assets.xcassets */,
				8A10889B1C47AB8200AA29DD /* LaunchScreen.storyboard */,
				8A10889E1C47AB8200AA29DD /* Info.plist */,
				8A10888D1C47AB8200AA29DD /* Supporting Files */,
				8A1088C01C47ABA600AA29DD /* AnarLTabbarController.h */,
				8A1088C11C47ABA600AA29DD /* AnarLTabbarController.m */,
			);
			path = CustomTabbar;
			sourceTree = "<group>";
		};
		8A10888D1C47AB8200AA29DD /* Supporting Files */ = {
			isa = PBXGroup;
			children = (
				8A10888E1C47AB8200AA29DD /* main.m */,
			);
			name = "Supporting Files";
			sourceTree = "<group>";
		};
		8A1088A61C47AB8200AA29DD /* CustomTabbarTests */ = {
			isa = PBXGroup;
			children = (
				8A1088A71C47AB8200AA29DD /* CustomTabbarTests.m */,
				8A1088A91C47AB8200AA29DD /* Info.plist */,
			);
			path = CustomTabbarTests;
			sourceTree = "<group>";
		};
		8A1088B11C47AB8200AA29DD /* CustomTabbarUITests */ = {
			isa = PBXGroup;
			children = (
				8A1088B21C47AB8200AA29DD /* CustomTabbarUITests.m */,
				8A1088B41C47AB8200AA29DD /* Info.plist */,
			);
			path = CustomTabbarUITests;
			sourceTree = "<group>";
		};
/* End PBXGroup section */

/* Begin PBXNativeTarget section */
		8A1088891C47AB8200AA29DD /* CustomTabbar */ = {
			isa = PBXNativeTarget;
			buildConfigurationList = 8A1088B71C47AB8200AA29DD /* Build configuration list for PBXNativeTarget "CustomTabbar" */;
			buildPhases = (
				8A1088861C47AB8200AA29DD /* Sources */,
				8A1088871C47AB8200AA29DD /* Frameworks */,
				8A1088881C47AB8200AA29DD /* Resources */,
			);
			buildRules = (
			);
			dependencies = (
			);
			name = CustomTabbar;
			productName = CustomTabbar;
			productReference = 8A10888A1C47AB8200AA29DD /* CustomTabbar.app */;
			productType = "com.apple.product-type.application";
		};
		8A1088A21C47AB8200AA29DD /* CustomTabbarTests */ = {
			isa = PBXNativeTarget;
			buildConfigurationList = 8A1088BA1C47AB8200AA29DD /* Build configuration list for PBXNativeTarget "CustomTabbarTests" */;
			buildPhases = (
				8A10889F1C47AB8200AA29DD /* Sources */,
				8A1088A01C47AB8200AA29DD /* Frameworks */,
				8A1088A11C47AB8200AA29DD /* Resources */,
			);
			buildRules = (
			);
			dependencies = (
				8A1088A51C47AB8200AA29DD /* PBXTargetDependency */,
			);
			name = CustomTabbarTests;
			productName = CustomTabbarTests;
			productReference = 8A1088A31C47AB8200AA29DD /* CustomTabbarTests.xctest */;
			productType = "com.apple.product-type.bundle.unit-test";
		};
		8A1088AD1C47AB8200AA29DD /* CustomTabbarUITests */ = {
			isa = PBXNativeTarget;
			buildConfigurationList = 8A1088BD1C47AB8200AA29DD /* Build configuration list for PBXNativeTarget "CustomTabbarUITests" */;
			buildPhases = (
				8A1088AA1C47AB8200AA29DD /* Sources */,
				8A1088AB1C47AB8200AA29DD /* Frameworks */,
				8A1088AC1C47AB8200AA29DD /* Resources */,
			);
			buildRules = (
			);
			dependencies = (
				8A1088B01C47AB8200AA29DD /* PBXTargetDependency */,
			);
			name = CustomTabbarUITests;
			productName = CustomTabbarUITests;
			productReference = 8A1088AE1C47AB8200AA29DD /* CustomTabbarUITests.xctest */;
			productType = "com.apple.product-type.bundle.ui-testing";
		};
/* End PBXNativeTarget section */

/* Begin PBXProject section */
		8A1088821C47AB8200AA29DD /* Project object */ = {
			isa = PBXProject;
			attributes = {
				LastUpgradeCheck = 0710;
				ORGANIZATIONNAME = AnarL;
				TargetAttributes = {
					8A1088891C47AB8200AA29DD = {
						CreatedOnToolsVersion = 7.1.1;
					};
					8A1088A21C47AB8200AA29DD = {
						CreatedOnToolsVersion = 7.1.1;
						TestTargetID = 8A1088891C47AB8200AA29DD;
					};
					8A1088AD1C47AB8200AA29DD = {
						CreatedOnToolsVersion = 7.1.1;
						TestTargetID = 8A1088891C47AB8200AA29DD;
					};
				};
			};
			buildConfigurationList = 8A1088851C47AB8200AA29DD /* Build configuration list for PBXProject "CustomTabbar" */;
			compatibilityVersion = "Xcode 3.2";
			developmentRegion = English;
			hasScannedForEncodings = 0;
			knownRegions = (
				en,
				Base,
			);
			mainGroup = 8A1088811C47AB8200AA29DD;
			productRefGroup = 8A10888B1C47AB8200AA29DD /* Products */;
			projectDirPath = "";
			projectRoot = "";
			targets = (
				8A1088891C47AB8200AA29DD /* CustomTabbar */,
				8A1088A21C47AB8200AA29DD /* CustomTabbarTests */,
				8A1088AD1C47AB8200AA29DD /* CustomTabbarUITests */,
			);
		};
/* End PBXProject section */

/* Begin PBXResourcesBuildPhase section */
		8A1088881C47AB8200AA29DD /* Resources */ = {
			isa = PBXResourcesBuildPhase;
			buildActionMask = 2147483647;
			files = (
				8A741EB91C48939000F8D2D3 /* tabbar1.png in Resources */,
				8A741EBA1C48939000F8D2D3 /* tabbar3.png in Resources */,
				8A10889D1C47AB8200AA29DD /* LaunchScreen.storyboard in Resources */,
				8A741EB71C48939000F8D2D3 /* tabbar2.png in Resources */,
				8A741EB81C48939000F8D2D3 /* tabbar0.png in Resources */,
				8A10889A1C47AB8200AA29DD /* Assets.xcassets in Resources */,
			);
			runOnlyForDeploymentPostprocessing = 0;
		};
		8A1088A11C47AB8200AA29DD /* Resources */ = {
			isa = PBXResourcesBuildPhase;
			buildActionMask = 2147483647;
			files = (
			);
			runOnlyForDeploymentPostprocessing = 0;
		};
		8A1088AC1C47AB8200AA29DD /* Resources */ = {
			isa = PBXResourcesBuildPhase;
			buildActionMask = 2147483647;
			files = (
			);
			runOnlyForDeploymentPostprocessing = 0;
		};
/* End PBXResourcesBuildPhase section */

/* Begin PBXSourcesBuildPhase section */
		8A1088861C47AB8200AA29DD /* Sources */ = {
			isa = PBXSourcesBuildPhase;
			buildActionMask = 2147483647;
			files = (
				8A1088921C47AB8200AA29DD /* AppDelegate.m in Sources */,
				8A10888F1C47AB8200AA29DD /* main.m in Sources */,
				8A1088C21C47ABA600AA29DD /* AnarLTabbarController.m in Sources */,
			);
			runOnlyForDeploymentPostprocessing = 0;
		};
		8A10889F1C47AB8200AA29DD /* Sources */ = {
			isa = PBXSourcesBuildPhase;
			buildActionMask = 2147483647;
			files = (
				8A1088A81C47AB8200AA29DD /* CustomTabbarTests.m in Sources */,
			);
			runOnlyForDeploymentPostprocessing = 0;
		};
		8A1088AA1C47AB8200AA29DD /* Sources */ = {
			isa = PBXSourcesBuildPhase;
			buildActionMask = 2147483647;
			files = (
				8A1088B31C47AB8200AA29DD /* CustomTabbarUITests.m in Sources */,
			);
			runOnlyForDeploymentPostprocessing = 0;
		};
/* End PBXSourcesBuildPhase section */

/* Begin PBXTargetDependency section */
		8A1088A51C47AB8200AA29DD /* PBXTargetDependency */ = {
			isa = PBXTargetDependency;
			target = 8A1088891C47AB8200AA29DD /* CustomTabbar */;
			targetProxy = 8A1088A41C47AB8200AA29DD /* PBXContainerItemProxy */;
		};
		8A1088B01C47AB8200AA29DD /* PBXTargetDependency */ = {
			isa = PBXTargetDependency;
			target = 8A1088891C47AB8200AA29DD /* CustomTabbar */;
			targetProxy = 8A1088AF1C47AB8200AA29DD /* PBXContainerItemProxy */;
		};
/* End PBXTargetDependency section */

/* Begin PBXVariantGroup section */
		8A10889B1C47AB8200AA29DD /* LaunchScreen.storyboard */ = {
			isa = PBXVariantGroup;
			children = (
				8A10889C1C47AB8200AA29DD /* Base */,
			);
			name = LaunchScreen.storyboard;
			sourceTree = "<group>";
		};
/* End PBXVariantGroup section */

/* Begin XCBuildConfiguration section */
		8A1088B51C47AB8200AA29DD /* Debug */ = {
			isa = XCBuildConfiguration;
			buildSettings = {
				ALWAYS_SEARCH_USER_PATHS = NO;
				CLANG_CXX_LANGUAGE_STANDARD = "gnu++0x";
				CLANG_CXX_LIBRARY = "libc++";
				CLANG_ENABLE_MODULES = YES;
				CLANG_ENABLE_OBJC_ARC = YES;
				CLANG_WARN_BOOL_CONVERSION = YES;
				CLANG_WARN_CONSTANT_CONVERSION = YES;
				CLANG_WARN_DIRECT_OBJC_ISA_USAGE = YES_ERROR;
				CLANG_WARN_EMPTY_BODY = YES;
				CLANG_WARN_ENUM_CONVERSION = YES;
				CLANG_WARN_INT_CONVERSION = YES;
				CLANG_WARN_OBJC_ROOT_CLASS = YES_ERROR;
				CLANG_WARN_UNREACHABLE_CODE = YES;
				CLANG_WARN__DUPLICATE_METHOD_MATCH = YES;
				"CODE_SIGN_IDENTITY[sdk=iphoneos*]" = "iPhone Developer";
				COPY_PHASE_STRIP = NO;
				DEBUG_INFORMATION_FORMAT = dwarf;
				ENABLE_STRICT_OBJC_MSGSEND = YES;
				ENABLE_TESTABILITY = YES;
				GCC_C_LANGUAGE_STANDARD = gnu99;
				GCC_DYNAMIC_NO_PIC = NO;
				GCC_NO_COMMON_BLOCKS = YES;
				GCC_OPTIMIZATION_LEVEL = 0;
				GCC_PREPROCESSOR_DEFINITIONS = (
					"DEBUG=1",
					"$(inherited)",
				);
				GCC_WARN_64_TO_32_BIT_CONVERSION = YES;
				GCC_WARN_ABOUT_RETURN_TYPE = YES_ERROR;
				GCC_WARN_UNDECLARED_SELECTOR = YES;
				GCC_WARN_UNINITIALIZED_AUTOS = YES_AGGRESSIVE;
				GCC_WARN_UNUSED_FUNCTION = YES;
				GCC_WARN_UNUSED_VARIABLE = YES;
				IPHONEOS_DEPLOYMENT_TARGET = 9.1;
				MTL_ENABLE_DEBUG_INFO = YES;
				ONLY_ACTIVE_ARCH = YES;
				SDKROOT = iphoneos;
				TARGETED_DEVICE_FAMILY = "1,2";
			};
			name = Debug;
		};
		8A1088B61C47AB8200AA29DD /* Release */ = {
			isa = XCBuildConfiguration;
			buildSettings = {
				ALWAYS_SEARCH_USER_PATHS = NO;
				CLANG_CXX_LANGUAGE_STANDARD = "gnu++0x";
				CLANG_CXX_LIBRARY = "libc++";
				CLANG_ENABLE_MODULES = YES;
				CLANG_ENABLE_OBJC_ARC = YES;
				CLANG_WARN_BOOL_CONVERSION = YES;
				CLANG_WARN_CONSTANT_CONVERSION = YES;
				CLANG_WARN_DIRECT_OBJC_ISA_USAGE = YES_ERROR;
				CLANG_WARN_EMPTY_BODY = YES;
				CLANG_WARN_ENUM_CONVERSION = YES;
				CLANG_WARN_INT_CONVERSION = YES;
				CLANG_WARN_OBJC_ROOT_CLASS = YES_ERROR;
				CLANG_WARN_UNREACHABLE_CODE = YES;
				CLANG_WARN__DUPLICATE_METHOD_MATCH = YES;
				"CODE_SIGN_IDENTITY[sdk=iphoneos*]" = "iPhone Developer";
				COPY_PHASE_STRIP = NO;
				DEBUG_INFORMATION_FORMAT = "dwarf-with-dsym";
				ENABLE_NS_ASSERTIONS = NO;
				ENABLE_STRICT_OBJC_MSGSEND = YES;
				GCC_C_LANGUAGE_STANDARD = gnu99;
				GCC_NO_COMMON_BLOCKS = YES;
				GCC_WARN_64_TO_32_BIT_CONVERSION = YES;
				GCC_WARN_ABOUT_RETURN_TYPE = YES_ERROR;
				GCC_WARN_UNDECLARED_SELECTOR = YES;
				GCC_WARN_UNINITIALIZED_AUTOS = YES_AGGRESSIVE;
				GCC_WARN_UNUSED_FUNCTION = YES;
				GCC_WARN_UNUSED_VARIABLE = YES;
				IPHONEOS_DEPLOYMENT_TARGET = 9.1;
				MTL_ENABLE_DEBUG_INFO = NO;
				SDKROOT = iphoneos;
				TARGETED_DEVICE_FAMILY = "1,2";
				VALIDATE_PRODUCT = YES;
			};
			name = Release;
		};
		8A1088B81C47AB8200AA29DD /* Debug */ = {
			isa = XCBuildConfiguration;
			buildSettings = {
				ASSETCATALOG_COMPILER_APPICON_NAME = AppIcon;
				INFOPLIST_FILE = CustomTabbar/Info.plist;
				IPHONEOS_DEPLOYMENT_TARGET = 8.1;
				LD_RUNPATH_SEARCH_PATHS = "$(inherited) @executable_path/Frameworks";
				PRODUCT_BUNDLE_IDENTIFIER = com.digiarty.CustomTabbar;
				PRODUCT_NAME = "$(TARGET_NAME)";
			};
			name = Debug;
		};
		8A1088B91C47AB8200AA29DD /* Release */ = {
			isa = XCBuildConfiguration;
			buildSettings = {
				ASSETCATALOG_COMPILER_APPICON_NAME = AppIcon;
				INFOPLIST_FILE = CustomTabbar/Info.plist;
				IPHONEOS_DEPLOYMENT_TARGET = 8.1;
				LD_RUNPATH_SEARCH_PATHS = "$(inherited) @executable_path/Frameworks";
				PRODUCT_BUNDLE_IDENTIFIER = com.digiarty.CustomTabbar;
				PRODUCT_NAME = "$(TARGET_NAME)";
			};
			name = Release;
		};
		8A1088BB1C47AB8200AA29DD /* Debug */ = {
			isa = XCBuildConfiguration;
			buildSettings = {
				BUNDLE_LOADER = "$(TEST_HOST)";
				INFOPLIST_FILE = CustomTabbarTests/Info.plist;
				LD_RUNPATH_SEARCH_PATHS = "$(inherited) @executable_path/Frameworks @loader_path/Frameworks";
				PRODUCT_BUNDLE_IDENTIFIER = com.digiarty.CustomTabbarTests;
				PRODUCT_NAME = "$(TARGET_NAME)";
				TEST_HOST = "$(BUILT_PRODUCTS_DIR)/CustomTabbar.app/CustomTabbar";
			};
			name = Debug;
		};
		8A1088BC1C47AB8200AA29DD /* Release */ = {
			isa = XCBuildConfiguration;
			buildSettings = {
				BUNDLE_LOADER = "$(TEST_HOST)";
				INFOPLIST_FILE = CustomTabbarTests/Info.plist;
				LD_RUNPATH_SEARCH_PATHS = "$(inherited) @executable_path/Frameworks @loader_path/Frameworks";
				PRODUCT_BUNDLE_IDENTIFIER = com.digiarty.CustomTabbarTests;
				PRODUCT_NAME = "$(TARGET_NAME)";
				TEST_HOST = "$(BUILT_PRODUCTS_DIR)/CustomTabbar.app/CustomTabbar";
			};
			name = Release;
		};
		8A1088BE1C47AB8200AA29DD /* Debug */ = {
			isa = XCBuildConfiguration;
			buildSettings = {
				INFOPLIST_FILE = CustomTabbarUITests/Info.plist;
				LD_RUNPATH_SEARCH_PATHS = "$(inherited) @executable_path/Frameworks @loader_path/Frameworks";
				PRODUCT_BUNDLE_IDENTIFIER = com.digiarty.CustomTabbarUITests;
				PRODUCT_NAME = "$(TARGET_NAME)";
				TEST_TARGET_NAME = CustomTabbar;
				USES_XCTRUNNER = YES;
			};
			name = Debug;
		};
		8A1088BF1C47AB8200AA29DD /* Release */ = {
			isa = XCBuildConfiguration;
			buildSettings = {
				INFOPLIST_FILE = CustomTabbarUITests/Info.plist;
				LD_RUNPATH_SEARCH_PATHS = "$(inherited) @executable_path/Frameworks @loader_path/Frameworks";
				PRODUCT_BUNDLE_IDENTIFIER = com.digiarty.CustomTabbarUITests;
				PRODUCT_NAME = "$(TARGET_NAME)";
				TEST_TARGET_NAME = CustomTabbar;
				USES_XCTRUNNER = YES;
			};
			name = Release;
		};
/* End XCBuildConfiguration section */

/* Begin XCConfigurationList section */
		8A1088851C47AB8200AA29DD /* Build configuration list for PBXProject "CustomTabbar" */ = {
			isa = XCConfigurationList;
			buildConfigurations = (
				8A1088B51C47AB8200AA29DD /* Debug */,
				8A1088B61C47AB8200AA29DD /* Release */,
			);
			defaultConfigurationIsVisible = 0;
			defaultConfigurationName = Release;
		};
		8A1088B71C47AB8200AA29DD /* Build configuration list for PBXNativeTarget "CustomTabbar" */ = {
			isa = XCConfigurationList;
			buildConfigurations = (
				8A1088B81C47AB8200AA29DD /* Debug */,
				8A1088B91C47AB8200AA29DD /* Release */,
			);
			defaultConfigurationIsVisible = 0;
			defaultConfigurationName = Release;
		};
		8A1088BA1C47AB8200AA29DD /* Build configuration list for PBXNativeTarget "CustomTabbarTests" */ = {
			isa = XCConfigurationList;
			buildConfigurations = (
				8A1088BB1C47AB8200AA29DD /* Debug */,
				8A1088BC1C47AB8200AA29DD /* Release */,
			);
			defaultConfigurationIsVisible = 0;
			defaultConfigurationName = Release;
		};
		8A1088BD1C47AB8200AA29DD /* Build configuration list for PBXNativeTarget "CustomTabbarUITests" */ = {
			isa = XCConfigurationList;
			buildConfigurations = (
				8A1088BE1C47AB8200AA29DD /* Debug */,
				8A1088BF1C47AB8200AA29DD /* Release */,
			);
			defaultConfigurationIsVisible = 0;
			defaultConfigurationName = Release;
		};
/* End XCConfigurationList section */
	};
	rootObject = 8A1088821C47AB8200AA29DD /* Project object */;
}
